
Microsoft Visual Studio Solution File, Format Version 12.00
# Visual Studio Version 17
VisualStudioVersion = 17.14.36518.9
MinimumVisualStudioVersion = 10.0.40219.1
Project("{FAE04EC0-301F-11D3-BF4B-00C04F79EFBC}") = "QuizGame", "QuizGame\QuizGame.csproj", "{89A8FA21-1C73-4C85-B15E-9E6350010470}"
EndProject
Global
	GlobalSection(SolutionConfigurationPlatforms) = preSolution
		Debug|Any CPU = Debug|Any CPU
		Release|Any CPU = Release|Any CPU
	EndGlobalSection
	GlobalSection(ProjectConfigurationPlatforms) = postSolution
		{89A8FA21-1C73-4C85-B15E-9E6350010470}.Debug|Any CPU.ActiveCfg = Debug|Any CPU
		{89A8FA21-1C73-4C85-B15E-9E6350010470}.Debug|Any CPU.Build.0 = Debug|Any CPU
		{89A8FA21-1C73-4C85-B15E-9E6350010470}.Release|Any CPU.ActiveCfg = Release|Any CPU
		{89A8FA21-1C73-4C85-B15E-9E6350010470}.Release|Any CPU.Build.0 = Release|Any CPU
	EndGlobalSection
	GlobalSection(SolutionProperties) = preSolution
		HideSolutionNode = FALSE
	EndGlobalSection
	GlobalSection(ExtensibilityGlobals) = postSolution
		SolutionGuid = {1E47BAA7-7F18-4383-B962-E119BA325AFB}
	EndGlobalSection
EndGlobal
